
Microsoft Visual Studio Solution File, Format Version 12.00
# Visual Studio Version 17
VisualStudioVersion = 17.3.32929.385
MinimumVisualStudioVersion = 10.0.40219.1
Project("{9A19103F-16F7-4668-BE54-9A1E7A4F7556}") = "AttendanceSystem.Models", "AttendanceSystem.Models\AttendanceSystem.Models.csproj", "{F8F927F9-1DAC-4F15-921B-2FB4F191538D}"
EndProject
Project("{9A19103F-16F7-4668-BE54-9A1E7A4F7556}") = "AttendanceSystem.WinFormUI", "AttendanceSystem.WinFormUI\AttendanceSystem.WinFormUI.csproj", "{DF559BB5-C752-49C6-848E-95C91B3D5688}"
EndProject
Project("{9A19103F-16F7-4668-BE54-9A1E7A4F7556}") = "AttendanceSystem.DataAccess", "AttendanceSystem.DataAccess\AttendanceSystem.DataAccess.csproj", "{45115390-2AD9-475D-8F83-1310AA22AA23}"
EndProject
Project("{FAE04EC0-301F-11D3-BF4B-00C04F79EFBC}") = "AttendanceSystem.Presenter", "AttendanceSystem.Presenter\AttendanceSystem.Presenter.csproj", "{F24A1FA2-3203-40BA-85A6-B06661F7C0A8}"
EndProject
Global
	GlobalSection(SolutionConfigurationPlatforms) = preSolution
		Debug|Any CPU = Debug|Any CPU
		Release|Any CPU = Release|Any CPU
	EndGlobalSection
	GlobalSection(ProjectConfigurationPlatforms) = postSolution
		{F8F927F9-1DAC-4F15-921B-2FB4F191538D}.Debug|Any CPU.ActiveCfg = Debug|Any CPU
		{F8F927F9-1DAC-4F15-921B-2FB4F191538D}.Debug|Any CPU.Build.0 = Debug|Any CPU
		{F8F927F9-1DAC-4F15-921B-2FB4F191538D}.Release|Any CPU.ActiveCfg = Release|Any CPU
		{F8F927F9-1DAC-4F15-921B-2FB4F191538D}.Release|Any CPU.Build.0 = Release|Any CPU
		{DF559BB5-C752-49C6-848E-95C91B3D5688}.Debug|Any CPU.ActiveCfg = Debug|Any CPU
		{DF559BB5-C752-49C6-848E-95C91B3D5688}.Debug|Any CPU.Build.0 = Debug|Any CPU
		{DF559BB5-C752-49C6-848E-95C91B3D5688}.Release|Any CPU.ActiveCfg = Release|Any CPU
		{DF559BB5-C752-49C6-848E-95C91B3D5688}.Release|Any CPU.Build.0 = Release|Any CPU
		{45115390-2AD9-475D-8F83-1310AA22AA23}.Debug|Any CPU.ActiveCfg = Debug|Any CPU
		{45115390-2AD9-475D-8F83-1310AA22AA23}.Debug|Any CPU.Build.0 = Debug|Any CPU
		{45115390-2AD9-475D-8F83-1310AA22AA23}.Release|Any CPU.ActiveCfg = Release|Any CPU
		{45115390-2AD9-475D-8F83-1310AA22AA23}.Release|Any CPU.Build.0 = Release|Any CPU
		{F24A1FA2-3203-40BA-85A6-B06661F7C0A8}.Debug|Any CPU.ActiveCfg = Debug|Any CPU
		{F24A1FA2-3203-40BA-85A6-B06661F7C0A8}.Debug|Any CPU.Build.0 = Debug|Any CPU
		{F24A1FA2-3203-40BA-85A6-B06661F7C0A8}.Release|Any CPU.ActiveCfg = Release|Any CPU
		{F24A1FA2-3203-40BA-85A6-B06661F7C0A8}.Release|Any CPU.Build.0 = Release|Any CPU
	EndGlobalSection
	GlobalSection(SolutionProperties) = preSolution
		HideSolutionNode = FALSE
	EndGlobalSection
	GlobalSection(ExtensibilityGlobals) = postSolution
		SolutionGuid = {C0C894E4-174A-4D49-B164-B26A4CCF983A}
	EndGlobalSection
EndGlobal
